// !$*UTF8*$!
{
	archiveVersion = 1;
	classes = {
	};
	objectVersion = 50;
	objects = {

/* Begin PBXBuildFile section */
		03F8E960231D79DF0095B4C2 /* AppDelegate.swift in Sources */ = {isa = PBXBuildFile; fileRef = 03F8E95F231D79DF0095B4C2 /* AppDelegate.swift */; };
		03F8E962231D79DF0095B4C2 /* SceneDelegate.swift in Sources */ = {isa = PBXBuildFile; fileRef = 03F8E961231D79DF0095B4C2 /* SceneDelegate.swift */; };
		03F8E964231D79DF0095B4C2 /* ViewController.swift in Sources */ = {isa = PBXBuildFile; fileRef = 03F8E963231D79DF0095B4C2 /* ViewController.swift */; };
		03F8E967231D79DF0095B4C2 /* Main.storyboard in Resources */ = {isa = PBXBuildFile; fileRef = 03F8E965231D79DF0095B4C2 /* Main.storyboard */; };
		03F8E969231D79E20095B4C2 /* Assets.xcassets in Resources */ = {isa = PBXBuildFile; fileRef = 03F8E968231D79E20095B4C2 /* Assets.xcassets */; };
		03F8E96C231D79E20095B4C2 /* LaunchScreen.storyboard in Resources */ = {isa = PBXBuildFile; fileRef = 03F8E96A231D79E20095B4C2 /* LaunchScreen.storyboard */; };
		B5EA18B8587C7CCDCCA187D3 /* Pods_Youtube_MP3_Player.framework in Frameworks */ = {isa = PBXBuildFile; fileRef = 1201D337A3B46F1F26A83F13 /* Pods_Youtube_MP3_Player.framework */; };
/* End PBXBuildFile section */

/* Begin PBXFileReference section */
		03F8E95C231D79DF0095B4C2 /* Youtube MP3 Player.app */ = {isa = PBXFileReference; explicitFileType = wrapper.application; includeInIndex = 0; path = "Youtube MP3 Player.app"; sourceTree = BUILT_PRODUCTS_DIR; };
		03F8E95F231D79DF0095B4C2 /* AppDelegate.swift */ = {isa = PBXFileReference; lastKnownFileType = sourcecode.swift; path = AppDelegate.swift; sourceTree = "<group>"; };
		03F8E961231D79DF0095B4C2 /* SceneDelegate.swift */ = {isa = PBXFileReference; lastKnownFileType = sourcecode.swift; path = SceneDelegate.swift; sourceTree = "<group>"; };
		03F8E963231D79DF0095B4C2 /* ViewController.swift */ = {isa = PBXFileReference; lastKnownFileType = sourcecode.swift; path = ViewController.swift; sourceTree = "<group>"; };
		03F8E966231D79DF0095B4C2 /* Base */ = {isa = PBXFileReference; lastKnownFileType = file.storyboard; name = Base; path = Base.lproj/Main.storyboard; sourceTree = "<group>"; };
		03F8E968231D79E20095B4C2 /* Assets.xcassets */ = {isa = PBXFileReference; lastKnownFileType = folder.assetcatalog; path = Assets.xcassets; sourceTree = "<group>"; };
		03F8E96B231D79E20095B4C2 /* Base */ = {isa = PBXFileReference; lastKnownFileType = file.storyboard; name = Base; path = Base.lproj/LaunchScreen.storyboard; sourceTree = "<group>"; };
		03F8E96D231D79E20095B4C2 /* Info.plist */ = {isa = PBXFileReference; lastKnownFileType = text.plist.xml; path = Info.plist; sourceTree = "<group>"; };
		1201D337A3B46F1F26A83F13 /* Pods_Youtube_MP3_Player.framework */ = {isa = PBXFileReference; explicitFileType = wrapper.framework; includeInIndex = 0; path = Pods_Youtube_MP3_Player.framework; sourceTree = BUILT_PRODUCTS_DIR; };
		C023D496CAD8C3F1D1EE8FFE /* Pods-Youtube MP3 Player.release.xcconfig */ = {isa = PBXFileReference; includeInIndex = 1; lastKnownFileType = text.xcconfig; name = "Pods-Youtube MP3 Player.release.xcconfig"; path = "Target Support Files/Pods-Youtube MP3 Player/Pods-Youtube MP3 Player.release.xcconfig"; sourceTree = "<group>"; };
		FA04C2966796F3582DD71129 /* Pods-Youtube MP3 Player.debug.xcconfig */ = {isa = PBXFileReference; includeInIndex = 1; lastKnownFileType = text.xcconfig; name = "Pods-Youtube MP3 Player.debug.xcconfig"; path = "Target Support Files/Pods-Youtube MP3 Player/Pods-Youtube MP3 Player.debug.xcconfig"; sourceTree = "<group>"; };
/* End PBXFileReference section */

/* Begin PBXFrameworksBuildPhase section */
		03F8E959231D79DF0095B4C2 /* Frameworks */ = {
			isa = PBXFrameworksBuildPhase;
			buildActionMask = 2147483647;
			files = (
				B5EA18B8587C7CCDCCA187D3 /* Pods_Youtube_MP3_Player.framework in Frameworks */,
			);
			runOnlyForDeploymentPostprocessing = 0;
		};
/* End PBXFrameworksBuildPhase section */

/* Begin PBXGroup section */
		03F8E953231D79DF0095B4C2 = {
			isa = PBXGroup;
			children = (
				03F8E95E231D79DF0095B4C2 /* Youtube MP3 Player */,
				03F8E95D231D79DF0095B4C2 /* Products */,
				9BDF58DF52137976BCDD11F8 /* Pods */,
				5AE3DCA8367D1017635E61CE /* Frameworks */,
			);
			sourceTree = "<group>";
		};
		03F8E95D231D79DF0095B4C2 /* Products */ = {
			isa = PBXGroup;
			children = (
				03F8E95C231D79DF0095B4C2 /* Youtube MP3 Player.app */,
			);
			name = Products;
			sourceTree = "<group>";
		};
		03F8E95E231D79DF0095B4C2 /* Youtube MP3 Player */ = {
			isa = PBXGroup;
			children = (
				03F8E95F231D79DF0095B4C2 /* AppDelegate.swift */,
				03F8E961231D79DF0095B4C2 /* SceneDelegate.swift */,
				03F8E963231D79DF0095B4C2 /* ViewController.swift */,
				03F8E965231D79DF0095B4C2 /* Main.storyboard */,
				03F8E968231D79E20095B4C2 /* Assets.xcassets */,
				03F8E96A231D79E20095B4C2 /* LaunchScreen.storyboard */,
				03F8E96D231D79E20095B4C2 /* Info.plist */,
			);
			path = "Youtube MP3 Player";
			sourceTree = "<group>";
		};
		5AE3DCA8367D1017635E61CE /* Frameworks */ = {
			isa = PBXGroup;
			children = (
				1201D337A3B46F1F26A83F13 /* Pods_Youtube_MP3_Player.framework */,
			);
			name = Frameworks;
			sourceTree = "<group>";
		};
		9BDF58DF52137976BCDD11F8 /* Pods */ = {
			isa = PBXGroup;
			children = (
				FA04C2966796F3582DD71129 /* Pods-Youtube MP3 Player.debug.xcconfig */,
				C023D496CAD8C3F1D1EE8FFE /* Pods-Youtube MP3 Player.release.xcconfig */,
			);
			name = Pods;
			path = Pods;
			sourceTree = "<group>";
		};
/* End PBXGroup section */

/* Begin PBXNativeTarget section */
		03F8E95B231D79DF0095B4C2 /* Youtube MP3 Player */ = {
			isa = PBXNativeTarget;
			buildConfigurationList = 03F8E970231D79E20095B4C2 /* Build configuration list for PBXNativeTarget "Youtube MP3 Player" */;
			buildPhases = (
				7A8DBC0A347D93F547000EC2 /* [CP] Check Pods Manifest.lock */,
				03F8E958231D79DF0095B4C2 /* Sources */,
				03F8E959231D79DF0095B4C2 /* Frameworks */,
				03F8E95A231D79DF0095B4C2 /* Resources */,
				844E8EA1C113D3056FA6AD57 /* [CP] Embed Pods Frameworks */,
			);
			buildRules = (
			);
			dependencies = (
			);
			name = "Youtube MP3 Player";
			productName = "Youtube MP3 Player";
			productReference = 03F8E95C231D79DF0095B4C2 /* Youtube MP3 Player.app */;
			productType = "com.apple.product-type.application";
		};
/* End PBXNativeTarget section */

/* Begin PBXProject section */
		03F8E954231D79DF0095B4C2 /* Project object */ = {
			isa = PBXProject;
			attributes = {
				LastSwiftUpdateCheck = 1100;
				LastUpgradeCheck = 1100;
				ORGANIZATIONNAME = "Moazzam Tahir";
				TargetAttributes = {
					03F8E95B231D79DF0095B4C2 = {
						CreatedOnToolsVersion = 11.0;
					};
				};
			};
			buildConfigurationList = 03F8E957231D79DF0095B4C2 /* Build configuration list for PBXProject "Youtube MP3 Player" */;
			compatibilityVersion = "Xcode 9.3";
			developmentRegion = en;
			hasScannedForEncodings = 0;
			knownRegions = (
				en,
				Base,
			);
			mainGroup = 03F8E953231D79DF0095B4C2;
			productRefGroup = 03F8E95D231D79DF0095B4C2 /* Products */;
			projectDirPath = "";
			projectRoot = "";
			targets = (
				03F8E95B231D79DF0095B4C2 /* Youtube MP3 Player */,
			);
		};
/* End PBXProject section */

/* Begin PBXResourcesBuildPhase section */
		03F8E95A231D79DF0095B4C2 /* Resources */ = {
			isa = PBXResourcesBuildPhase;
			buildActionMask = 2147483647;
			files = (
				03F8E96C231D79E20095B4C2 /* LaunchScreen.storyboard in Resources */,
				03F8E969231D79E20095B4C2 /* Assets.xcassets in Resources */,
				03F8E967231D79DF0095B4C2 /* Main.storyboard in Resources */,
			);
			runOnlyForDeploymentPostprocessing = 0;
		};
/* End PBXResourcesBuildPhase section */

/* Begin PBXShellScriptBuildPhase section */
		7A8DBC0A347D93F547000EC2 /* [CP] Check Pods Manifest.lock */ = {
			isa = PBXShellScriptBuildPhase;
			buildActionMask = 2147483647;
			files = (
			);
			inputFileListPaths = (
			);
			inputPaths = (
				"${PODS_PODFILE_DIR_PATH}/Podfile.lock",
				"${PODS_ROOT}/Manifest.lock",
			);
			name = "[CP] Check Pods Manifest.lock";
			outputFileListPaths = (
			);
			outputPaths = (
				"$(DERIVED_FILE_DIR)/Pods-Youtube MP3 Player-checkManifestLockResult.txt",
			);
			runOnlyForDeploymentPostprocessing = 0;
			shellPath = /bin/sh;
			shellScript = "diff \"${PODS_PODFILE_DIR_PATH}/Podfile.lock\" \"${PODS_ROOT}/Manifest.lock\" > /dev/null\nif [ $? != 0 ] ; then\n    # print error to STDERR\n    echo \"error: The sandbox is not in sync with the Podfile.lock. Run 'pod install' or update your CocoaPods installation.\" >&2\n    exit 1\nfi\n# This output is used by Xcode 'outputs' to avoid re-running this script phase.\necho \"SUCCESS\" > \"${SCRIPT_OUTPUT_FILE_0}\"\n";
			showEnvVarsInLog = 0;
		};
		844E8EA1C113D3056FA6AD57 /* [CP] Embed Pods Frameworks */ = {
			isa = PBXShellScriptBuildPhase;
			buildActionMask = 2147483647;
			files = (
			);
			inputFileListPaths = (
				"${PODS_ROOT}/Target Support Files/Pods-Youtube MP3 Player/Pods-Youtube MP3 Player-frameworks-${CONFIGURATION}-input-files.xcfilelist",
			);
			name = "[CP] Embed Pods Frameworks";
			outputFileListPaths = (
				"${PODS_ROOT}/Target Support Files/Pods-Youtube MP3 Player/Pods-Youtube MP3 Player-frameworks-${CONFIGURATION}-output-files.xcfilelist",
			);
			runOnlyForDeploymentPostprocessing = 0;
			shellPath = /bin/sh;
			shellScript = "\"${PODS_ROOT}/Target Support Files/Pods-Youtube MP3 Player/Pods-Youtube MP3 Player-frameworks.sh\"\n";
			showEnvVarsInLog = 0;
		};
/* End PBXShellScriptBuildPhase section */

/* Begin PBXSourcesBuildPhase section */
		03F8E958231D79DF0095B4C2 /* Sources */ = {
			isa = PBXSourcesBuildPhase;
			buildActionMask = 2147483647;
			files = (
				03F8E964231D79DF0095B4C2 /* ViewController.swift in Sources */,
				03F8E960231D79DF0095B4C2 /* AppDelegate.swift in Sources */,
				03F8E962231D79DF0095B4C2 /* SceneDelegate.swift in Sources */,
			);
			runOnlyForDeploymentPostprocessing = 0;
		};
/* End PBXSourcesBuildPhase section */

/* Begin PBXVariantGroup section */
		03F8E965231D79DF0095B4C2 /* Main.storyboard */ = {
			isa = PBXVariantGroup;
			children = (
				03F8E966231D79DF0095B4C2 /* Base */,
			);
			name = Main.storyboard;
			sourceTree = "<group>";
		};
		03F8E96A231D79E20095B4C2 /* LaunchScreen.storyboard */ = {
			isa = PBXVariantGroup;
			children = (
				03F8E96B231D79E20095B4C2 /* Base */,
			);
			name = LaunchScreen.storyboard;
			sourceTree = "<group>";
		};
/* End PBXVariantGroup section */

/* Begin XCBuildConfiguration section */
		03F8E96E231D79E20095B4C2 /* Debug */ = {
			isa = XCBuildConfiguration;
			buildSettings = {
				ALWAYS_SEARCH_USER_PATHS = NO;
				CLANG_ANALYZER_NONNULL = YES;
				CLANG_ANALYZER_NUMBER_OBJECT_CONVERSION = YES_AGGRESSIVE;
				CLANG_CXX_LANGUAGE_STANDARD = "gnu++14";
				CLANG_CXX_LIBRARY = "libc++";
				CLANG_ENABLE_MODULES = YES;
				CLANG_ENABLE_OBJC_ARC = YES;
				CLANG_ENABLE_OBJC_WEAK = YES;
				CLANG_WARN_BLOCK_CAPTURE_AUTORELEASING = YES;
				CLANG_WARN_BOOL_CONVERSION = YES;
				CLANG_WARN_COMMA = YES;
				CLANG_WARN_CONSTANT_CONVERSION = YES;
				CLANG_WARN_DEPRECATED_OBJC_IMPLEMENTATIONS = YES;
				CLANG_WARN_DIRECT_OBJC_ISA_USAGE = YES_ERROR;
				CLANG_WARN_DOCUMENTATION_COMMENTS = YES;
				CLANG_WARN_EMPTY_BODY = YES;
				CLANG_WARN_ENUM_CONVERSION = YES;
				CLANG_WARN_INFINITE_RECURSION = YES;
				CLANG_WARN_INT_CONVERSION = YES;
				CLANG_WARN_NON_LITERAL_NULL_CONVERSION = YES;
				CLANG_WARN_OBJC_IMPLICIT_RETAIN_SELF = YES;
				CLANG_WARN_OBJC_LITERAL_CONVERSION = YES;
				CLANG_WARN_OBJC_ROOT_CLASS = YES_ERROR;
				CLANG_WARN_RANGE_LOOP_ANALYSIS = YES;
				CLANG_WARN_STRICT_PROTOTYPES = YES;
				CLANG_WARN_SUSPICIOUS_MOVE = YES;
				CLANG_WARN_UNGUARDED_AVAILABILITY = YES_AGGRESSIVE;
				CLANG_WARN_UNREACHABLE_CODE = YES;
				CLANG_WARN__DUPLICATE_METHOD_MATCH = YES;
				COPY_PHASE_STRIP = NO;
				DEBUG_INFORMATION_FORMAT = dwarf;
				ENABLE_STRICT_OBJC_MSGSEND = YES;
				ENABLE_TESTABILITY = YES;
				GCC_C_LANGUAGE_STANDARD = gnu11;
				GCC_DYNAMIC_NO_PIC = NO;
				GCC_NO_COMMON_BLOCKS = YES;
				GCC_OPTIMIZATION_LEVEL = 0;
				GCC_PREPROCESSOR_DEFINITIONS = (
					"DEBUG=1",
					"$(inherited)",
				);
				GCC_WARN_64_TO_32_BIT_CONVERSION = YES;
				GCC_WARN_ABOUT_RETURN_TYPE = YES_ERROR;
				GCC_WARN_UNDECLARED_SELECTOR = YES;
				GCC_WARN_UNINITIALIZED_AUTOS = YES_AGGRESSIVE;
				GCC_WARN_UNUSED_FUNCTION = YES;
				GCC_WARN_UNUSED_VARIABLE = YES;
				IPHONEOS_DEPLOYMENT_TARGET = 13.0;
				MTL_ENABLE_DEBUG_INFO = INCLUDE_SOURCE;
				MTL_FAST_MATH = YES;
				ONLY_ACTIVE_ARCH = YES;
				SDKROOT = iphoneos;
				SWIFT_ACTIVE_COMPILATION_CONDITIONS = DEBUG;
				SWIFT_OPTIMIZATION_LEVEL = "-Onone";
			};
			name = Debug;
		};
		03F8E96F231D79E20095B4C2 /* Release */ = {
			isa = XCBuildConfiguration;
			buildSettings = {
				ALWAYS_SEARCH_USER_PATHS = NO;
				CLANG_ANALYZER_NONNULL = YES;
				CLANG_ANALYZER_NUMBER_OBJECT_CONVERSION = YES_AGGRESSIVE;
				CLANG_CXX_LANGUAGE_STANDARD = "gnu++14";
				CLANG_CXX_LIBRARY = "libc++";
				CLANG_ENABLE_MODULES = YES;
				CLANG_ENABLE_OBJC_ARC = YES;
				CLANG_ENABLE_OBJC_WEAK = YES;
				CLANG_WARN_BLOCK_CAPTURE_AUTORELEASING = YES;
				CLANG_WARN_BOOL_CONVERSION = YES;
				CLANG_WARN_COMMA = YES;
				CLANG_WARN_CONSTANT_CONVERSION = YES;
				CLANG_WARN_DEPRECATED_OBJC_IMPLEMENTATIONS = YES;
				CLANG_WARN_DIRECT_OBJC_ISA_USAGE = YES_ERROR;
				CLANG_WARN_DOCUMENTATION_COMMENTS = YES;
				CLANG_WARN_EMPTY_BODY = YES;
				CLANG_WARN_ENUM_CONVERSION = YES;
				CLANG_WARN_INFINITE_RECURSION = YES;
				CLANG_WARN_INT_CONVERSION = YES;
				CLANG_WARN_NON_LITERAL_NULL_CONVERSION = YES;
				CLANG_WARN_OBJC_IMPLICIT_RETAIN_SELF = YES;
				CLANG_WARN_OBJC_LITERAL_CONVERSION = YES;
				CLANG_WARN_OBJC_ROOT_CLASS = YES_ERROR;
				CLANG_WARN_RANGE_LOOP_ANALYSIS = YES;
				CLANG_WARN_STRICT_PROTOTYPES = YES;
				CLANG_WARN_SUSPICIOUS_MOVE = YES;
				CLANG_WARN_UNGUARDED_AVAILABILITY = YES_AGGRESSIVE;
				CLANG_WARN_UNREACHABLE_CODE = YES;
				CLANG_WARN__DUPLICATE_METHOD_MATCH = YES;
				COPY_PHASE_STRIP = NO;
				DEBUG_INFORMATION_FORMAT = "dwarf-with-dsym";
				ENABLE_NS_ASSERTIONS = NO;
				ENABLE_STRICT_OBJC_MSGSEND = YES;
				GCC_C_LANGUAGE_STANDARD = gnu11;
				GCC_NO_COMMON_BLOCKS = YES;
				GCC_WARN_64_TO_32_BIT_CONVERSION = YES;
				GCC_WARN_ABOUT_RETURN_TYPE = YES_ERROR;
				GCC_WARN_UNDECLARED_SELECTOR = YES;
				GCC_WARN_UNINITIALIZED_AUTOS = YES_AGGRESSIVE;
				GCC_WARN_UNUSED_FUNCTION = YES;
				GCC_WARN_UNUSED_VARIABLE = YES;
				IPHONEOS_DEPLOYMENT_TARGET = 13.0;
				MTL_ENABLE_DEBUG_INFO = NO;
				MTL_FAST_MATH = YES;
				SDKROOT = iphoneos;
				SWIFT_COMPILATION_MODE = wholemodule;
				SWIFT_OPTIMIZATION_LEVEL = "-O";
				VALIDATE_PRODUCT = YES;
			};
			name = Release;
		};
		03F8E971231D79E20095B4C2 /* Debug */ = {
			isa = XCBuildConfiguration;
			baseConfigurationReference = FA04C2966796F3582DD71129 /* Pods-Youtube MP3 Player.debug.xcconfig */;
			buildSettings = {
				ASSETCATALOG_COMPILER_APPICON_NAME = AppIcon;
				CODE_SIGN_STYLE = Automatic;
				DEVELOPMENT_TEAM = Z92VD6GGG5;
				INFOPLIST_FILE = "Youtube MP3 Player/Info.plist";
				LD_RUNPATH_SEARCH_PATHS = (
					"$(inherited)",
					"@executable_path/Frameworks",
				);
				PRODUCT_BUNDLE_IDENTIFIER = "com.developersden.Youtube-MP3-Player";
				PRODUCT_NAME = "$(TARGET_NAME)";
				SWIFT_VERSION = 5.0;
				TARGETED_DEVICE_FAMILY = "1,2";
			};
			name = Debug;
		};
		03F8E972231D79E20095B4C2 /* Release */ = {
			isa = XCBuildConfiguration;
			baseConfigurationReference = C023D496CAD8C3F1D1EE8FFE /* Pods-Youtube MP3 Player.release.xcconfig */;
			buildSettings = {
				ASSETCATALOG_COMPILER_APPICON_NAME = AppIcon;
				CODE_SIGN_STYLE = Automatic;
				DEVELOPMENT_TEAM = Z92VD6GGG5;
				INFOPLIST_FILE = "Youtube MP3 Player/Info.plist";
				LD_RUNPATH_SEARCH_PATHS = (
					"$(inherited)",
					"@executable_path/Frameworks",
				);
				PRODUCT_BUNDLE_IDENTIFIER = "com.developersden.Youtube-MP3-Player";
				PRODUCT_NAME = "$(TARGET_NAME)";
				SWIFT_VERSION = 5.0;
				TARGETED_DEVICE_FAMILY = "1,2";
			};
			name = Release;
		};
/* End XCBuildConfiguration section */

/* Begin XCConfigurationList section */
		03F8E957231D79DF0095B4C2 /* Build configuration list for PBXProject "Youtube MP3 Player" */ = {
			isa = XCConfigurationList;
			buildConfigurations = (
				03F8E96E231D79E20095B4C2 /* Debug */,
				03F8E96F231D79E20095B4C2 /* Release */,
			);
			defaultConfigurationIsVisible = 0;
			defaultConfigurationName = Release;
		};
		03F8E970231D79E20095B4C2 /* Build configuration list for PBXNativeTarget "Youtube MP3 Player" */ = {
			isa = XCConfigurationList;
			buildConfigurations = (
				03F8E971231D79E20095B4C2 /* Debug */,
				03F8E972231D79E20095B4C2 /* Release */,
			);
			defaultConfigurationIsVisible = 0;
			defaultConfigurationName = Release;
		};
/* End XCConfigurationList section */
	};
	rootObject = 03F8E954231D79DF0095B4C2 /* Project object */;
}
